// !$*UTF8*$!
{
	archiveVersion = 1;
	classes = {
	};
	objectVersion = 50;
	objects = {

/* Begin PBXBuildFile section */
		8897A6F620EDC8F300A319D8 /* AppDelegate.swift in Sources */ = {isa = PBXBuildFile; fileRef = 8897A6F520EDC8F300A319D8 /* AppDelegate.swift */; };
		8897A6F820EDC8F300A319D8 /* ViewController.swift in Sources */ = {isa = PBXBuildFile; fileRef = 8897A6F720EDC8F300A319D8 /* ViewController.swift */; };
		8897A6FB20EDC8F300A319D8 /* Main.storyboard in Resources */ = {isa = PBXBuildFile; fileRef = 8897A6F920EDC8F300A319D8 /* Main.storyboard */; };
		8897A6FD20EDC8F400A319D8 /* Assets.xcassets in Resources */ = {isa = PBXBuildFile; fileRef = 8897A6FC20EDC8F400A319D8 /* Assets.xcassets */; };
		8897A70020EDC8F400A319D8 /* LaunchScreen.storyboard in Resources */ = {isa = PBXBuildFile; fileRef = 8897A6FE20EDC8F400A319D8 /* LaunchScreen.storyboard */; };
		8897A70B20EDC8F400A319D8 /* HQZSwiftTabBarTests.swift in Sources */ = {isa = PBXBuildFile; fileRef = 8897A70A20EDC8F400A319D8 /* HQZSwiftTabBarTests.swift */; };
		8897A71620EDC8F400A319D8 /* HQZSwiftTabBarUITests.swift in Sources */ = {isa = PBXBuildFile; fileRef = 8897A71520EDC8F400A319D8 /* HQZSwiftTabBarUITests.swift */; };
		8897A72520EDC92200A319D8 /* CinemasViewController.swift in Sources */ = {isa = PBXBuildFile; fileRef = 8897A72420EDC92200A319D8 /* CinemasViewController.swift */; };
		8897A72720EDC92900A319D8 /* TaskViewController.swift in Sources */ = {isa = PBXBuildFile; fileRef = 8897A72620EDC92900A319D8 /* TaskViewController.swift */; };
		8897A72920EDC93200A319D8 /* MineViewController.swift in Sources */ = {isa = PBXBuildFile; fileRef = 8897A72820EDC93200A319D8 /* MineViewController.swift */; };
		8897A72D20EDC94900A319D8 /* BaseTabBarController.swift in Sources */ = {isa = PBXBuildFile; fileRef = 8897A72B20EDC94900A319D8 /* BaseTabBarController.swift */; };
		8897A72E20EDC94900A319D8 /* Public.swift in Sources */ = {isa = PBXBuildFile; fileRef = 8897A72C20EDC94900A319D8 /* Public.swift */; };
/* End PBXBuildFile section */

/* Begin PBXContainerItemProxy section */
		8897A70720EDC8F400A319D8 /* PBXContainerItemProxy */ = {
			isa = PBXContainerItemProxy;
			containerPortal = 8897A6EA20EDC8F300A319D8 /* Project object */;
			proxyType = 1;
			remoteGlobalIDString = 8897A6F120EDC8F300A319D8;
			remoteInfo = HQZSwiftTabBar;
		};
		8897A71220EDC8F400A319D8 /* PBXContainerItemProxy */ = {
			isa = PBXContainerItemProxy;
			containerPortal = 8897A6EA20EDC8F300A319D8 /* Project object */;
			proxyType = 1;
			remoteGlobalIDString = 8897A6F120EDC8F300A319D8;
			remoteInfo = HQZSwiftTabBar;
		};
/* End PBXContainerItemProxy section */

/* Begin PBXFileReference section */
		8897A6F220EDC8F300A319D8 /* HQZSwiftTabBar.app */ = {isa = PBXFileReference; explicitFileType = wrapper.application; includeInIndex = 0; path = HQZSwiftTabBar.app; sourceTree = BUILT_PRODUCTS_DIR; };
		8897A6F520EDC8F300A319D8 /* AppDelegate.swift */ = {isa = PBXFileReference; lastKnownFileType = sourcecode.swift; path = AppDelegate.swift; sourceTree = "<group>"; };
		8897A6F720EDC8F300A319D8 /* ViewController.swift */ = {isa = PBXFileReference; lastKnownFileType = sourcecode.swift; path = ViewController.swift; sourceTree = "<group>"; };
		8897A6FA20EDC8F300A319D8 /* Base */ = {isa = PBXFileReference; lastKnownFileType = file.storyboard; name = Base; path = Base.lproj/Main.storyboard; sourceTree = "<group>"; };
		8897A6FC20EDC8F400A319D8 /* Assets.xcassets */ = {isa = PBXFileReference; lastKnownFileType = folder.assetcatalog; path = Assets.xcassets; sourceTree = "<group>"; };
		8897A6FF20EDC8F400A319D8 /* Base */ = {isa = PBXFileReference; lastKnownFileType = file.storyboard; name = Base; path = Base.lproj/LaunchScreen.storyboard; sourceTree = "<group>"; };
		8897A70120EDC8F400A319D8 /* Info.plist */ = {isa = PBXFileReference; lastKnownFileType = text.plist.xml; path = Info.plist; sourceTree = "<group>"; };
		8897A70620EDC8F400A319D8 /* HQZSwiftTabBarTests.xctest */ = {isa = PBXFileReference; explicitFileType = wrapper.cfbundle; includeInIndex = 0; path = HQZSwiftTabBarTests.xctest; sourceTree = BUILT_PRODUCTS_DIR; };
		8897A70A20EDC8F400A319D8 /* HQZSwiftTabBarTests.swift */ = {isa = PBXFileReference; lastKnownFileType = sourcecode.swift; path = HQZSwiftTabBarTests.swift; sourceTree = "<group>"; };
		8897A70C20EDC8F400A319D8 /* Info.plist */ = {isa = PBXFileReference; lastKnownFileType = text.plist.xml; path = Info.plist; sourceTree = "<group>"; };
		8897A71120EDC8F400A319D8 /* HQZSwiftTabBarUITests.xctest */ = {isa = PBXFileReference; explicitFileType = wrapper.cfbundle; includeInIndex = 0; path = HQZSwiftTabBarUITests.xctest; sourceTree = BUILT_PRODUCTS_DIR; };
		8897A71520EDC8F400A319D8 /* HQZSwiftTabBarUITests.swift */ = {isa = PBXFileReference; lastKnownFileType = sourcecode.swift; path = HQZSwiftTabBarUITests.swift; sourceTree = "<group>"; };
		8897A71720EDC8F400A319D8 /* Info.plist */ = {isa = PBXFileReference; lastKnownFileType = text.plist.xml; path = Info.plist; sourceTree = "<group>"; };
		8897A72420EDC92200A319D8 /* CinemasViewController.swift */ = {isa = PBXFileReference; lastKnownFileType = sourcecode.swift; path = CinemasViewController.swift; sourceTree = "<group>"; };
		8897A72620EDC92900A319D8 /* TaskViewController.swift */ = {isa = PBXFileReference; lastKnownFileType = sourcecode.swift; path = TaskViewController.swift; sourceTree = "<group>"; };
		8897A72820EDC93200A319D8 /* MineViewController.swift */ = {isa = PBXFileReference; lastKnownFileType = sourcecode.swift; path = MineViewController.swift; sourceTree = "<group>"; };
		8897A72B20EDC94900A319D8 /* BaseTabBarController.swift */ = {isa = PBXFileReference; fileEncoding = 4; lastKnownFileType = sourcecode.swift; path = BaseTabBarController.swift; sourceTree = "<group>"; };
		8897A72C20EDC94900A319D8 /* Public.swift */ = {isa = PBXFileReference; fileEncoding = 4; lastKnownFileType = sourcecode.swift; path = Public.swift; sourceTree = "<group>"; };
/* End PBXFileReference section */

/* Begin PBXFrameworksBuildPhase section */
		8897A6EF20EDC8F300A319D8 /* Frameworks */ = {
			isa = PBXFrameworksBuildPhase;
			buildActionMask = 2147483647;
			files = (
			);
			runOnlyForDeploymentPostprocessing = 0;
		};
		8897A70320EDC8F400A319D8 /* Frameworks */ = {
			isa = PBXFrameworksBuildPhase;
			buildActionMask = 2147483647;
			files = (
			);
			runOnlyForDeploymentPostprocessing = 0;
		};
		8897A70E20EDC8F400A319D8 /* Frameworks */ = {
			isa = PBXFrameworksBuildPhase;
			buildActionMask = 2147483647;
			files = (
			);
			runOnlyForDeploymentPostprocessing = 0;
		};
/* End PBXFrameworksBuildPhase section */

/* Begin PBXGroup section */
		8897A6E920EDC8F300A319D8 = {
			isa = PBXGroup;
			children = (
				8897A6F420EDC8F300A319D8 /* HQZSwiftTabBar */,
				8897A70920EDC8F400A319D8 /* HQZSwiftTabBarTests */,
				8897A71420EDC8F400A319D8 /* HQZSwiftTabBarUITests */,
				8897A6F320EDC8F300A319D8 /* Products */,
			);
			sourceTree = "<group>";
		};
		8897A6F320EDC8F300A319D8 /* Products */ = {
			isa = PBXGroup;
			children = (
				8897A6F220EDC8F300A319D8 /* HQZSwiftTabBar.app */,
				8897A70620EDC8F400A319D8 /* HQZSwiftTabBarTests.xctest */,
				8897A71120EDC8F400A319D8 /* HQZSwiftTabBarUITests.xctest */,
			);
			name = Products;
			sourceTree = "<group>";
		};
		8897A6F420EDC8F300A319D8 /* HQZSwiftTabBar */ = {
			isa = PBXGroup;
			children = (
				8897A72A20EDC94900A319D8 /* CustomTabBar */,
				8897A72320EDC91800A319D8 /* ViewController */,
				8897A6F520EDC8F300A319D8 /* AppDelegate.swift */,
				8897A6F720EDC8F300A319D8 /* ViewController.swift */,
				8897A6F920EDC8F300A319D8 /* Main.storyboard */,
				8897A6FC20EDC8F400A319D8 /* Assets.xcassets */,
				8897A6FE20EDC8F400A319D8 /* LaunchScreen.storyboard */,
				8897A70120EDC8F400A319D8 /* Info.plist */,
			);
			path = HQZSwiftTabBar;
			sourceTree = "<group>";
		};
		8897A70920EDC8F400A319D8 /* HQZSwiftTabBarTests */ = {
			isa = PBXGroup;
			children = (
				8897A70A20EDC8F400A319D8 /* HQZSwiftTabBarTests.swift */,
				8897A70C20EDC8F400A319D8 /* Info.plist */,
			);
			path = HQZSwiftTabBarTests;
			sourceTree = "<group>";
		};
		8897A71420EDC8F400A319D8 /* HQZSwiftTabBarUITests */ = {
			isa = PBXGroup;
			children = (
				8897A71520EDC8F400A319D8 /* HQZSwiftTabBarUITests.swift */,
				8897A71720EDC8F400A319D8 /* Info.plist */,
			);
			path = HQZSwiftTabBarUITests;
			sourceTree = "<group>";
		};
		8897A72320EDC91800A319D8 /* ViewController */ = {
			isa = PBXGroup;
			children = (
				8897A72420EDC92200A319D8 /* CinemasViewController.swift */,
				8897A72620EDC92900A319D8 /* TaskViewController.swift */,
				8897A72820EDC93200A319D8 /* MineViewController.swift */,
			);
			path = ViewController;
			sourceTree = "<group>";
		};
		8897A72A20EDC94900A319D8 /* CustomTabBar */ = {
			isa = PBXGroup;
			children = (
				8897A72B20EDC94900A319D8 /* BaseTabBarController.swift */,
				8897A72C20EDC94900A319D8 /* Public.swift */,
			);
			path = CustomTabBar;
			sourceTree = "<group>";
		};
/* End PBXGroup section */

/* Begin PBXNativeTarget section */
		8897A6F120EDC8F300A319D8 /* HQZSwiftTabBar */ = {
			isa = PBXNativeTarget;
			buildConfigurationList = 8897A71A20EDC8F400A319D8 /* Build configuration list for PBXNativeTarget "HQZSwiftTabBar" */;
			buildPhases = (
				8897A6EE20EDC8F300A319D8 /* Sources */,
				8897A6EF20EDC8F300A319D8 /* Frameworks */,
				8897A6F020EDC8F300A319D8 /* Resources */,
			);
			buildRules = (
			);
			dependencies = (
			);
			name = HQZSwiftTabBar;
			productName = HQZSwiftTabBar;
			productReference = 8897A6F220EDC8F300A319D8 /* HQZSwiftTabBar.app */;
			productType = "com.apple.product-type.application";
		};
		8897A70520EDC8F400A319D8 /* HQZSwiftTabBarTests */ = {
			isa = PBXNativeTarget;
			buildConfigurationList = 8897A71D20EDC8F400A319D8 /* Build configuration list for PBXNativeTarget "HQZSwiftTabBarTests" */;
			buildPhases = (
				8897A70220EDC8F400A319D8 /* Sources */,
				8897A70320EDC8F400A319D8 /* Frameworks */,
				8897A70420EDC8F400A319D8 /* Resources */,
			);
			buildRules = (
			);
			dependencies = (
				8897A70820EDC8F400A319D8 /* PBXTargetDependency */,
			);
			name = HQZSwiftTabBarTests;
			productName = HQZSwiftTabBarTests;
			productReference = 8897A70620EDC8F400A319D8 /* HQZSwiftTabBarTests.xctest */;
			productType = "com.apple.product-type.bundle.unit-test";
		};
		8897A71020EDC8F400A319D8 /* HQZSwiftTabBarUITests */ = {
			isa = PBXNativeTarget;
			buildConfigurationList = 8897A72020EDC8F400A319D8 /* Build configuration list for PBXNativeTarget "HQZSwiftTabBarUITests" */;
			buildPhases = (
				8897A70D20EDC8F400A319D8 /* Sources */,
				8897A70E20EDC8F400A319D8 /* Frameworks */,
				8897A70F20EDC8F400A319D8 /* Resources */,
			);
			buildRules = (
			);
			dependencies = (
				8897A71320EDC8F400A319D8 /* PBXTargetDependency */,
			);
			name = HQZSwiftTabBarUITests;
			productName = HQZSwiftTabBarUITests;
			productReference = 8897A71120EDC8F400A319D8 /* HQZSwiftTabBarUITests.xctest */;
			productType = "com.apple.product-type.bundle.ui-testing";
		};
/* End PBXNativeTarget section */

/* Begin PBXProject section */
		8897A6EA20EDC8F300A319D8 /* Project object */ = {
			isa = PBXProject;
			attributes = {
				LastSwiftUpdateCheck = 0940;
				LastUpgradeCheck = 0940;
				ORGANIZATIONNAME = FYCK;
				TargetAttributes = {
					8897A6F120EDC8F300A319D8 = {
						CreatedOnToolsVersion = 9.4.1;
					};
					8897A70520EDC8F400A319D8 = {
						CreatedOnToolsVersion = 9.4.1;
						TestTargetID = 8897A6F120EDC8F300A319D8;
					};
					8897A71020EDC8F400A319D8 = {
						CreatedOnToolsVersion = 9.4.1;
						TestTargetID = 8897A6F120EDC8F300A319D8;
					};
				};
			};
			buildConfigurationList = 8897A6ED20EDC8F300A319D8 /* Build configuration list for PBXProject "HQZSwiftTabBar" */;
			compatibilityVersion = "Xcode 9.3";
			developmentRegion = en;
			hasScannedForEncodings = 0;
			knownRegions = (
				en,
				Base,
			);
			mainGroup = 8897A6E920EDC8F300A319D8;
			productRefGroup = 8897A6F320EDC8F300A319D8 /* Products */;
			projectDirPath = "";
			projectRoot = "";
			targets = (
				8897A6F120EDC8F300A319D8 /* HQZSwiftTabBar */,
				8897A70520EDC8F400A319D8 /* HQZSwiftTabBarTests */,
				8897A71020EDC8F400A319D8 /* HQZSwiftTabBarUITests */,
			);
		};
/* End PBXProject section */

/* Begin PBXResourcesBuildPhase section */
		8897A6F020EDC8F300A319D8 /* Resources */ = {
			isa = PBXResourcesBuildPhase;
			buildActionMask = 2147483647;
			files = (
				8897A70020EDC8F400A319D8 /* LaunchScreen.storyboard in Resources */,
				8897A6FD20EDC8F400A319D8 /* Assets.xcassets in Resources */,
				8897A6FB20EDC8F300A319D8 /* Main.storyboard in Resources */,
			);
			runOnlyForDeploymentPostprocessing = 0;
		};
		8897A70420EDC8F400A319D8 /* Resources */ = {
			isa = PBXResourcesBuildPhase;
			buildActionMask = 2147483647;
			files = (
			);
			runOnlyForDeploymentPostprocessing = 0;
		};
		8897A70F20EDC8F400A319D8 /* Resources */ = {
			isa = PBXResourcesBuildPhase;
			buildActionMask = 2147483647;
			files = (
			);
			runOnlyForDeploymentPostprocessing = 0;
		};
/* End PBXResourcesBuildPhase section */

/* Begin PBXSourcesBuildPhase section */
		8897A6EE20EDC8F300A319D8 /* Sources */ = {
			isa = PBXSourcesBuildPhase;
			buildActionMask = 2147483647;
			files = (
				8897A6F820EDC8F300A319D8 /* ViewController.swift in Sources */,
				8897A72720EDC92900A319D8 /* TaskViewController.swift in Sources */,
				8897A72D20EDC94900A319D8 /* BaseTabBarController.swift in Sources */,
				8897A6F620EDC8F300A319D8 /* AppDelegate.swift in Sources */,
				8897A72E20EDC94900A319D8 /* Public.swift in Sources */,
				8897A72520EDC92200A319D8 /* CinemasViewController.swift in Sources */,
				8897A72920EDC93200A319D8 /* MineViewController.swift in Sources */,
			);
			runOnlyForDeploymentPostprocessing = 0;
		};
		8897A70220EDC8F400A319D8 /* Sources */ = {
			isa = PBXSourcesBuildPhase;
			buildActionMask = 2147483647;
			files = (
				8897A70B20EDC8F400A319D8 /* HQZSwiftTabBarTests.swift in Sources */,
			);
			runOnlyForDeploymentPostprocessing = 0;
		};
		8897A70D20EDC8F400A319D8 /* Sources */ = {
			isa = PBXSourcesBuildPhase;
			buildActionMask = 2147483647;
			files = (
				8897A71620EDC8F400A319D8 /* HQZSwiftTabBarUITests.swift in Sources */,
			);
			runOnlyForDeploymentPostprocessing = 0;
		};
/* End PBXSourcesBuildPhase section */

/* Begin PBXTargetDependency section */
		8897A70820EDC8F400A319D8 /* PBXTargetDependency */ = {
			isa = PBXTargetDependency;
			target = 8897A6F120EDC8F300A319D8 /* HQZSwiftTabBar */;
			targetProxy = 8897A70720EDC8F400A319D8 /* PBXContainerItemProxy */;
		};
		8897A71320EDC8F400A319D8 /* PBXTargetDependency */ = {
			isa = PBXTargetDependency;
			target = 8897A6F120EDC8F300A319D8 /* HQZSwiftTabBar */;
			targetProxy = 8897A71220EDC8F400A319D8 /* PBXContainerItemProxy */;
		};
/* End PBXTargetDependency section */

/* Begin PBXVariantGroup section */
		8897A6F920EDC8F300A319D8 /* Main.storyboard */ = {
			isa = PBXVariantGroup;
			children = (
				8897A6FA20EDC8F300A319D8 /* Base */,
			);
			name = Main.storyboard;
			sourceTree = "<group>";
		};
		8897A6FE20EDC8F400A319D8 /* LaunchScreen.storyboard */ = {
			isa = PBXVariantGroup;
			children = (
				8897A6FF20EDC8F400A319D8 /* Base */,
			);
			name = LaunchScreen.storyboard;
			sourceTree = "<group>";
		};
/* End PBXVariantGroup section */

/* Begin XCBuildConfiguration section */
		8897A71820EDC8F400A319D8 /* Debug */ = {
			isa = XCBuildConfiguration;
			buildSettings = {
				ALWAYS_SEARCH_USER_PATHS = NO;
				CLANG_ANALYZER_NONNULL = YES;
				CLANG_ANALYZER_NUMBER_OBJECT_CONVERSION = YES_AGGRESSIVE;
				CLANG_CXX_LANGUAGE_STANDARD = "gnu++14";
				CLANG_CXX_LIBRARY = "libc++";
				CLANG_ENABLE_MODULES = YES;
				CLANG_ENABLE_OBJC_ARC = YES;
				CLANG_ENABLE_OBJC_WEAK = YES;
				CLANG_WARN_BLOCK_CAPTURE_AUTORELEASING = YES;
				CLANG_WARN_BOOL_CONVERSION = YES;
				CLANG_WARN_COMMA = YES;
				CLANG_WARN_CONSTANT_CONVERSION = YES;
				CLANG_WARN_DEPRECATED_OBJC_IMPLEMENTATIONS = YES;
				CLANG_WARN_DIRECT_OBJC_ISA_USAGE = YES_ERROR;
				CLANG_WARN_DOCUMENTATION_COMMENTS = YES;
				CLANG_WARN_EMPTY_BODY = YES;
				CLANG_WARN_ENUM_CONVERSION = YES;
				CLANG_WARN_INFINITE_RECURSION = YES;
				CLANG_WARN_INT_CONVERSION = YES;
				CLANG_WARN_NON_LITERAL_NULL_CONVERSION = YES;
				CLANG_WARN_OBJC_IMPLICIT_RETAIN_SELF = YES;
				CLANG_WARN_OBJC_LITERAL_CONVERSION = YES;
				CLANG_WARN_OBJC_ROOT_CLASS = YES_ERROR;
				CLANG_WARN_RANGE_LOOP_ANALYSIS = YES;
				CLANG_WARN_STRICT_PROTOTYPES = YES;
				CLANG_WARN_SUSPICIOUS_MOVE = YES;
				CLANG_WARN_UNGUARDED_AVAILABILITY = YES_AGGRESSIVE;
				CLANG_WARN_UNREACHABLE_CODE = YES;
				CLANG_WARN__DUPLICATE_METHOD_MATCH = YES;
				CODE_SIGN_IDENTITY = "iPhone Developer";
				COPY_PHASE_STRIP = NO;
				DEBUG_INFORMATION_FORMAT = dwarf;
				ENABLE_STRICT_OBJC_MSGSEND = YES;
				ENABLE_TESTABILITY = YES;
				GCC_C_LANGUAGE_STANDARD = gnu11;
				GCC_DYNAMIC_NO_PIC = NO;
				GCC_NO_COMMON_BLOCKS = YES;
				GCC_OPTIMIZATION_LEVEL = 0;
				GCC_PREPROCESSOR_DEFINITIONS = (
					"DEBUG=1",
					"$(inherited)",
				);
				GCC_WARN_64_TO_32_BIT_CONVERSION = YES;
				GCC_WARN_ABOUT_RETURN_TYPE = YES_ERROR;
				GCC_WARN_UNDECLARED_SELECTOR = YES;
				GCC_WARN_UNINITIALIZED_AUTOS = YES_AGGRESSIVE;
				GCC_WARN_UNUSED_FUNCTION = YES;
				GCC_WARN_UNUSED_VARIABLE = YES;
				IPHONEOS_DEPLOYMENT_TARGET = 11.4;
				MTL_ENABLE_DEBUG_INFO = YES;
				ONLY_ACTIVE_ARCH = YES;
				SDKROOT = iphoneos;
				SWIFT_ACTIVE_COMPILATION_CONDITIONS = DEBUG;
				SWIFT_OPTIMIZATION_LEVEL = "-Onone";
			};
			name = Debug;
		};
		8897A71920EDC8F400A319D8 /* Release */ = {
			isa = XCBuildConfiguration;
			buildSettings = {
				ALWAYS_SEARCH_USER_PATHS = NO;
				CLANG_ANALYZER_NONNULL = YES;
				CLANG_ANALYZER_NUMBER_OBJECT_CONVERSION = YES_AGGRESSIVE;
				CLANG_CXX_LANGUAGE_STANDARD = "gnu++14";
				CLANG_CXX_LIBRARY = "libc++";
				CLANG_ENABLE_MODULES = YES;
				CLANG_ENABLE_OBJC_ARC = YES;
				CLANG_ENABLE_OBJC_WEAK = YES;
				CLANG_WARN_BLOCK_CAPTURE_AUTORELEASING = YES;
				CLANG_WARN_BOOL_CONVERSION = YES;
				CLANG_WARN_COMMA = YES;
				CLANG_WARN_CONSTANT_CONVERSION = YES;
				CLANG_WARN_DEPRECATED_OBJC_IMPLEMENTATIONS = YES;
				CLANG_WARN_DIRECT_OBJC_ISA_USAGE = YES_ERROR;
				CLANG_WARN_DOCUMENTATION_COMMENTS = YES;
				CLANG_WARN_EMPTY_BODY = YES;
				CLANG_WARN_ENUM_CONVERSION = YES;
				CLANG_WARN_INFINITE_RECURSION = YES;
				CLANG_WARN_INT_CONVERSION = YES;
				CLANG_WARN_NON_LITERAL_NULL_CONVERSION = YES;
				CLANG_WARN_OBJC_IMPLICIT_RETAIN_SELF = YES;
				CLANG_WARN_OBJC_LITERAL_CONVERSION = YES;
				CLANG_WARN_OBJC_ROOT_CLASS = YES_ERROR;
				CLANG_WARN_RANGE_LOOP_ANALYSIS = YES;
				CLANG_WARN_STRICT_PROTOTYPES = YES;
				CLANG_WARN_SUSPICIOUS_MOVE = YES;
				CLANG_WARN_UNGUARDED_AVAILABILITY = YES_AGGRESSIVE;
				CLANG_WARN_UNREACHABLE_CODE = YES;
				CLANG_WARN__DUPLICATE_METHOD_MATCH = YES;
				CODE_SIGN_IDENTITY = "iPhone Developer";
				COPY_PHASE_STRIP = NO;
				DEBUG_INFORMATION_FORMAT = "dwarf-with-dsym";
				ENABLE_NS_ASSERTIONS = NO;
				ENABLE_STRICT_OBJC_MSGSEND = YES;
				GCC_C_LANGUAGE_STANDARD = gnu11;
				GCC_NO_COMMON_BLOCKS = YES;
				GCC_WARN_64_TO_32_BIT_CONVERSION = YES;
				GCC_WARN_ABOUT_RETURN_TYPE = YES_ERROR;
				GCC_WARN_UNDECLARED_SELECTOR = YES;
				GCC_WARN_UNINITIALIZED_AUTOS = YES_AGGRESSIVE;
				GCC_WARN_UNUSED_FUNCTION = YES;
				GCC_WARN_UNUSED_VARIABLE = YES;
				IPHONEOS_DEPLOYMENT_TARGET = 11.4;
				MTL_ENABLE_DEBUG_INFO = NO;
				SDKROOT = iphoneos;
				SWIFT_COMPILATION_MODE = wholemodule;
				SWIFT_OPTIMIZATION_LEVEL = "-O";
				VALIDATE_PRODUCT = YES;
			};
			name = Release;
		};
		8897A71B20EDC8F400A319D8 /* Debug */ = {
			isa = XCBuildConfiguration;
			buildSettings = {
				ASSETCATALOG_COMPILER_APPICON_NAME = AppIcon;
				CODE_SIGN_STYLE = Automatic;
				INFOPLIST_FILE = HQZSwiftTabBar/Info.plist;
				LD_RUNPATH_SEARCH_PATHS = (
					"$(inherited)",
					"@executable_path/Frameworks",
				);
				PRODUCT_BUNDLE_IDENTIFIER = com.fhyx.fykc.HQZSwiftTabBar;
				PRODUCT_NAME = "$(TARGET_NAME)";
				SWIFT_VERSION = 4.0;
				TARGETED_DEVICE_FAMILY = "1,2";
			};
			name = Debug;
		};
		8897A71C20EDC8F400A319D8 /* Release */ = {
			isa = XCBuildConfiguration;
			buildSettings = {
				ASSETCATALOG_COMPILER_APPICON_NAME = AppIcon;
				CODE_SIGN_STYLE = Automatic;
				INFOPLIST_FILE = HQZSwiftTabBar/Info.plist;
				LD_RUNPATH_SEARCH_PATHS = (
					"$(inherited)",
					"@executable_path/Frameworks",
				);
				PRODUCT_BUNDLE_IDENTIFIER = com.fhyx.fykc.HQZSwiftTabBar;
				PRODUCT_NAME = "$(TARGET_NAME)";
				SWIFT_VERSION = 4.0;
				TARGETED_DEVICE_FAMILY = "1,2";
			};
			name = Release;
		};
		8897A71E20EDC8F400A319D8 /* Debug */ = {
			isa = XCBuildConfiguration;
			buildSettings = {
				ALWAYS_EMBED_SWIFT_STANDARD_LIBRARIES = YES;
				BUNDLE_LOADER = "$(TEST_HOST)";
				CODE_SIGN_STYLE = Automatic;
				INFOPLIST_FILE = HQZSwiftTabBarTests/Info.plist;
				LD_RUNPATH_SEARCH_PATHS = (
					"$(inherited)",
					"@executable_path/Frameworks",
					"@loader_path/Frameworks",
				);
				PRODUCT_BUNDLE_IDENTIFIER = com.fhyx.fykc.HQZSwiftTabBarTests;
				PRODUCT_NAME = "$(TARGET_NAME)";
				SWIFT_VERSION = 4.0;
				TARGETED_DEVICE_FAMILY = "1,2";
				TEST_HOST = "$(BUILT_PRODUCTS_DIR)/HQZSwiftTabBar.app/HQZSwiftTabBar";
			};
			name = Debug;
		};
		8897A71F20EDC8F400A319D8 /* Release */ = {
			isa = XCBuildConfiguration;
			buildSettings = {
				ALWAYS_EMBED_SWIFT_STANDARD_LIBRARIES = YES;
				BUNDLE_LOADER = "$(TEST_HOST)";
				CODE_SIGN_STYLE = Automatic;
				INFOPLIST_FILE = HQZSwiftTabBarTests/Info.plist;
				LD_RUNPATH_SEARCH_PATHS = (
					"$(inherited)",
					"@executable_path/Frameworks",
					"@loader_path/Frameworks",
				);
				PRODUCT_BUNDLE_IDENTIFIER = com.fhyx.fykc.HQZSwiftTabBarTests;
				PRODUCT_NAME = "$(TARGET_NAME)";
				SWIFT_VERSION = 4.0;
				TARGETED_DEVICE_FAMILY = "1,2";
				TEST_HOST = "$(BUILT_PRODUCTS_DIR)/HQZSwiftTabBar.app/HQZSwiftTabBar";
			};
			name = Release;
		};
		8897A72120EDC8F400A319D8 /* Debug */ = {
			isa = XCBuildConfiguration;
			buildSettings = {
				ALWAYS_EMBED_SWIFT_STANDARD_LIBRARIES = YES;
				CODE_SIGN_STYLE = Automatic;
				INFOPLIST_FILE = HQZSwiftTabBarUITests/Info.plist;
				LD_RUNPATH_SEARCH_PATHS = (
					"$(inherited)",
					"@executable_path/Frameworks",
					"@loader_path/Frameworks",
				);
				PRODUCT_BUNDLE_IDENTIFIER = com.fhyx.fykc.HQZSwiftTabBarUITests;
				PRODUCT_NAME = "$(TARGET_NAME)";
				SWIFT_VERSION = 4.0;
				TARGETED_DEVICE_FAMILY = "1,2";
				TEST_TARGET_NAME = HQZSwiftTabBar;
			};
			name = Debug;
		};
		8897A72220EDC8F400A319D8 /* Release */ = {
			isa = XCBuildConfiguration;
			buildSettings = {
				ALWAYS_EMBED_SWIFT_STANDARD_LIBRARIES = YES;
				CODE_SIGN_STYLE = Automatic;
				INFOPLIST_FILE = HQZSwiftTabBarUITests/Info.plist;
				LD_RUNPATH_SEARCH_PATHS = (
					"$(inherited)",
					"@executable_path/Frameworks",
					"@loader_path/Frameworks",
				);
				PRODUCT_BUNDLE_IDENTIFIER = com.fhyx.fykc.HQZSwiftTabBarUITests;
				PRODUCT_NAME = "$(TARGET_NAME)";
				SWIFT_VERSION = 4.0;
				TARGETED_DEVICE_FAMILY = "1,2";
				TEST_TARGET_NAME = HQZSwiftTabBar;
			};
			name = Release;
		};
/* End XCBuildConfiguration section */

/* Begin XCConfigurationList section */
		8897A6ED20EDC8F300A319D8 /* Build configuration list for PBXProject "HQZSwiftTabBar" */ = {
			isa = XCConfigurationList;
			buildConfigurations = (
				8897A71820EDC8F400A319D8 /* Debug */,
				8897A71920EDC8F400A319D8 /* Release */,
			);
			defaultConfigurationIsVisible = 0;
			defaultConfigurationName = Release;
		};
		8897A71A20EDC8F400A319D8 /* Build configuration list for PBXNativeTarget "HQZSwiftTabBar" */ = {
			isa = XCConfigurationList;
			buildConfigurations = (
				8897A71B20EDC8F400A319D8 /* Debug */,
				8897A71C20EDC8F400A319D8 /* Release */,
			);
			defaultConfigurationIsVisible = 0;
			defaultConfigurationName = Release;
		};
		8897A71D20EDC8F400A319D8 /* Build configuration list for PBXNativeTarget "HQZSwiftTabBarTests" */ = {
			isa = XCConfigurationList;
			buildConfigurations = (
				8897A71E20EDC8F400A319D8 /* Debug */,
				8897A71F20EDC8F400A319D8 /* Release */,
			);
			defaultConfigurationIsVisible = 0;
			defaultConfigurationName = Release;
		};
		8897A72020EDC8F400A319D8 /* Build configuration list for PBXNativeTarget "HQZSwiftTabBarUITests" */ = {
			isa = XCConfigurationList;
			buildConfigurations = (
				8897A72120EDC8F400A319D8 /* Debug */,
				8897A72220EDC8F400A319D8 /* Release */,
			);
			defaultConfigurationIsVisible = 0;
			defaultConfigurationName = Release;
		};
/* End XCConfigurationList section */
	};
	rootObject = 8897A6EA20EDC8F300A319D8 /* Project object */;
}
